
Microsoft Visual Studio Solution File, Format Version 12.00
# Visual Studio Version 18
VisualStudioVersion = 18.4.11506.43 insiders
MinimumVisualStudioVersion = 10.0.40219.1
Project("{2150E333-8FDC-42A3-9474-1A3956D46DE8}") = "Solution Items", "Solution Items", "{D62953D4-19FF-4B7E-BD4F-208E7AD711AD}"
	ProjectSection(SolutionItems) = preProject
		.editorconfig = .editorconfig
	EndProjectSection
EndProject
Project("{FAE04EC0-301F-11D3-BF4B-00C04F79EFBC}") = "Pure.Chart.RelationalModel.Abstractions", "Pure.Chart.RelationalModel.Abstractions\Pure.Chart.RelationalModel.Abstractions.csproj", "{D55669E8-AF80-43B4-9F15-E0881576A2D0}"
EndProject
Global
	GlobalSection(SolutionConfigurationPlatforms) = preSolution
		Debug|Any CPU = Debug|Any CPU
		Release|Any CPU = Release|Any CPU
	EndGlobalSection
	GlobalSection(ProjectConfigurationPlatforms) = postSolution
		{D55669E8-AF80-43B4-9F15-E0881576A2D0}.Debug|Any CPU.ActiveCfg = Debug|Any CPU
		{D55669E8-AF80-43B4-9F15-E0881576A2D0}.Debug|Any CPU.Build.0 = Debug|Any CPU
		{D55669E8-AF80-43B4-9F15-E0881576A2D0}.Release|Any CPU.ActiveCfg = Release|Any CPU
		{D55669E8-AF80-43B4-9F15-E0881576A2D0}.Release|Any CPU.Build.0 = Release|Any CPU
	EndGlobalSection
	GlobalSection(SolutionProperties) = preSolution
		HideSolutionNode = FALSE
	EndGlobalSection
EndGlobal
